// !$*UTF8*$!
{
	archiveVersion = 1;
	classes = {
	};
	objectVersion = 77;
	objects = {

/* Begin PBXContainerItemProxy section */
		07484AAA2CA9AF7D00AAD510 /* PBXContainerItemProxy */ = {
			isa = PBXContainerItemProxy;
			containerPortal = 07484A902CA9AF7C00AAD510 /* Project object */;
			proxyType = 1;
			remoteGlobalIDString = 07484A972CA9AF7C00AAD510;
			remoteInfo = RemoteGPIO;
		};
		07484AB42CA9AF7D00AAD510 /* PBXContainerItemProxy */ = {
			isa = PBXContainerItemProxy;
			containerPortal = 07484A902CA9AF7C00AAD510 /* Project object */;
			proxyType = 1;
			remoteGlobalIDString = 07484A972CA9AF7C00AAD510;
			remoteInfo = RemoteGPIO;
		};
/* End PBXContainerItemProxy section */

/* Begin PBXFileReference section */
		07484A982CA9AF7C00AAD510 /* RemoteGPIO.app */ = {isa = PBXFileReference; explicitFileType = wrapper.application; includeInIndex = 0; path = RemoteGPIO.app; sourceTree = BUILT_PRODUCTS_DIR; };
		07484AA92CA9AF7D00AAD510 /* RemoteGPIOTests.xctest */ = {isa = PBXFileReference; explicitFileType = wrapper.cfbundle; includeInIndex = 0; path = RemoteGPIOTests.xctest; sourceTree = BUILT_PRODUCTS_DIR; };
		07484AB32CA9AF7D00AAD510 /* RemoteGPIOUITests.xctest */ = {isa = PBXFileReference; explicitFileType = wrapper.cfbundle; includeInIndex = 0; path = RemoteGPIOUITests.xctest; sourceTree = BUILT_PRODUCTS_DIR; };
/* End PBXFileReference section */

/* Begin PBXFileSystemSynchronizedBuildFileExceptionSet section */
		07484AEC2CA9CDCD00AAD510 /* Exceptions for "RemoteGPIO" folder in "RemoteGPIO" target */ = {
			isa = PBXFileSystemSynchronizedBuildFileExceptionSet;
			membershipExceptions = (
				Config.xcconfig,
				Info.plist,
			);
			target = 07484A972CA9AF7C00AAD510 /* RemoteGPIO */;
		};
/* End PBXFileSystemSynchronizedBuildFileExceptionSet section */

/* Begin PBXFileSystemSynchronizedRootGroup section */
		07484A9A2CA9AF7C00AAD510 /* RemoteGPIO */ = {
			isa = PBXFileSystemSynchronizedRootGroup;
			exceptions = (
				07484AEC2CA9CDCD00AAD510 /* Exceptions for "RemoteGPIO" folder in "RemoteGPIO" target */,
			);
			path = RemoteGPIO;
			sourceTree = "<group>";
		};
		07484AAC2CA9AF7D00AAD510 /* RemoteGPIOTests */ = {
			isa = PBXFileSystemSynchronizedRootGroup;
			path = RemoteGPIOTests;
			sourceTree = "<group>";
		};
		07484AB62CA9AF7D00AAD510 /* RemoteGPIOUITests */ = {
			isa = PBXFileSystemSynchronizedRootGroup;
			path = RemoteGPIOUITests;
			sourceTree = "<group>";
		};
/* End PBXFileSystemSynchronizedRootGroup section */

/* Begin PBXFrameworksBuildPhase section */
		07484A952CA9AF7C00AAD510 /* Frameworks */ = {
			isa = PBXFrameworksBuildPhase;
			buildActionMask = 2147483647;
			files = (
			);
			runOnlyForDeploymentPostprocessing = 0;
		};
		07484AA62CA9AF7D00AAD510 /* Frameworks */ = {
			isa = PBXFrameworksBuildPhase;
			buildActionMask = 2147483647;
			files = (
			);
			runOnlyForDeploymentPostprocessing = 0;
		};
		07484AB02CA9AF7D00AAD510 /* Frameworks */ = {
			isa = PBXFrameworksBuildPhase;
			buildActionMask = 2147483647;
			files = (
			);
			runOnlyForDeploymentPostprocessing = 0;
		};
/* End PBXFrameworksBuildPhase section */

/* Begin PBXGroup section */
		07484A8F2CA9AF7C00AAD510 = {
			isa = PBXGroup;
			children = (
				07484A9A2CA9AF7C00AAD510 /* RemoteGPIO */,
				07484AAC2CA9AF7D00AAD510 /* RemoteGPIOTests */,
				07484AB62CA9AF7D00AAD510 /* RemoteGPIOUITests */,
				07484A992CA9AF7C00AAD510 /* Products */,
			);
			sourceTree = "<group>";
		};
		07484A992CA9AF7C00AAD510 /* Products */ = {
			isa = PBXGroup;
			children = (
				07484A982CA9AF7C00AAD510 /* RemoteGPIO.app */,
				07484AA92CA9AF7D00AAD510 /* RemoteGPIOTests.xctest */,
				07484AB32CA9AF7D00AAD510 /* RemoteGPIOUITests.xctest */,
			);
			name = Products;
			sourceTree = "<group>";
		};
/* End PBXGroup section */

/* Begin PBXNativeTarget section */
		07484A972CA9AF7C00AAD510 /* RemoteGPIO */ = {
			isa = PBXNativeTarget;
			buildConfigurationList = 07484ABD2CA9AF7D00AAD510 /* Build configuration list for PBXNativeTarget "RemoteGPIO" */;
			buildPhases = (
				07484A942CA9AF7C00AAD510 /* Sources */,
				07484A952CA9AF7C00AAD510 /* Frameworks */,
				07484A962CA9AF7C00AAD510 /* Resources */,
			);
			buildRules = (
			);
			dependencies = (
			);
			fileSystemSynchronizedGroups = (
				07484A9A2CA9AF7C00AAD510 /* RemoteGPIO */,
			);
			name = RemoteGPIO;
			packageProductDependencies = (
			);
			productName = RemoteGPIO;
			productReference = 07484A982CA9AF7C00AAD510 /* RemoteGPIO.app */;
			productType = "com.apple.product-type.application";
		};
		07484AA82CA9AF7D00AAD510 /* RemoteGPIOTests */ = {
			isa = PBXNativeTarget;
			buildConfigurationList = 07484AC02CA9AF7D00AAD510 /* Build configuration list for PBXNativeTarget "RemoteGPIOTests" */;
			buildPhases = (
				07484AA52CA9AF7D00AAD510 /* Sources */,
				07484AA62CA9AF7D00AAD510 /* Frameworks */,
				07484AA72CA9AF7D00AAD510 /* Resources */,
			);
			buildRules = (
			);
			dependencies = (
				07484AAB2CA9AF7D00AAD510 /* PBXTargetDependency */,
			);
			fileSystemSynchronizedGroups = (
				07484AAC2CA9AF7D00AAD510 /* RemoteGPIOTests */,
			);
			name = RemoteGPIOTests;
			packageProductDependencies = (
			);
			productName = RemoteGPIOTests;
			productReference = 07484AA92CA9AF7D00AAD510 /* RemoteGPIOTests.xctest */;
			productType = "com.apple.product-type.bundle.unit-test";
		};
		07484AB22CA9AF7D00AAD510 /* RemoteGPIOUITests */ = {
			isa = PBXNativeTarget;
			buildConfigurationList = 07484AC32CA9AF7D00AAD510 /* Build configuration list for PBXNativeTarget "RemoteGPIOUITests" */;
			buildPhases = (
				07484AAF2CA9AF7D00AAD510 /* Sources */,
				07484AB02CA9AF7D00AAD510 /* Frameworks */,
				07484AB12CA9AF7D00AAD510 /* Resources */,
			);
			buildRules = (
			);
			dependencies = (
				07484AB52CA9AF7D00AAD510 /* PBXTargetDependency */,
			);
			fileSystemSynchronizedGroups = (
				07484AB62CA9AF7D00AAD510 /* RemoteGPIOUITests */,
			);
			name = RemoteGPIOUITests;
			packageProductDependencies = (
			);
			productName = RemoteGPIOUITests;
			productReference = 07484AB32CA9AF7D00AAD510 /* RemoteGPIOUITests.xctest */;
			productType = "com.apple.product-type.bundle.ui-testing";
		};
/* End PBXNativeTarget section */

/* Begin PBXProject section */
		07484A902CA9AF7C00AAD510 /* Project object */ = {
			isa = PBXProject;
			attributes = {
				BuildIndependentTargetsInParallel = 1;
				LastSwiftUpdateCheck = 1600;
				LastUpgradeCheck = 1630;
				TargetAttributes = {
					07484A972CA9AF7C00AAD510 = {
						CreatedOnToolsVersion = 16.0;
					};
					07484AA82CA9AF7D00AAD510 = {
						CreatedOnToolsVersion = 16.0;
						TestTargetID = 07484A972CA9AF7C00AAD510;
					};
					07484AB22CA9AF7D00AAD510 = {
						CreatedOnToolsVersion = 16.0;
						TestTargetID = 07484A972CA9AF7C00AAD510;
					};
				};
			};
			buildConfigurationList = 07484A932CA9AF7C00AAD510 /* Build configuration list for PBXProject "RemoteGPIO" */;
			developmentRegion = en;
			hasScannedForEncodings = 0;
			knownRegions = (
				en,
				Base,
			);
			mainGroup = 07484A8F2CA9AF7C00AAD510;
			minimizedProjectReferenceProxies = 1;
			packageReferences = (
			);
			preferredProjectObjectVersion = 77;
			productRefGroup = 07484A992CA9AF7C00AAD510 /* Products */;
			projectDirPath = "";
			projectRoot = "";
			targets = (
				07484A972CA9AF7C00AAD510 /* RemoteGPIO */,
				07484AA82CA9AF7D00AAD510 /* RemoteGPIOTests */,
				07484AB22CA9AF7D00AAD510 /* RemoteGPIOUITests */,
			);
		};
/* End PBXProject section */

/* Begin PBXResourcesBuildPhase section */
		07484A962CA9AF7C00AAD510 /* Resources */ = {
			isa = PBXResourcesBuildPhase;
			buildActionMask = 2147483647;
			files = (
			);
			runOnlyForDeploymentPostprocessing = 0;
		};
		07484AA72CA9AF7D00AAD510 /* Resources */ = {
			isa = PBXResourcesBuildPhase;
			buildActionMask = 2147483647;
			files = (
			);
			runOnlyForDeploymentPostprocessing = 0;
		};
		07484AB12CA9AF7D00AAD510 /* Resources */ = {
			isa = PBXResourcesBuildPhase;
			buildActionMask = 2147483647;
			files = (
			);
			runOnlyForDeploymentPostprocessing = 0;
		};
/* End PBXResourcesBuildPhase section */

/* Begin PBXSourcesBuildPhase section */
		07484A942CA9AF7C00AAD510 /* Sources */ = {
			isa = PBXSourcesBuildPhase;
			buildActionMask = 2147483647;
			files = (
			);
			runOnlyForDeploymentPostprocessing = 0;
		};
		07484AA52CA9AF7D00AAD510 /* Sources */ = {
			isa = PBXSourcesBuildPhase;
			buildActionMask = 2147483647;
			files = (
			);
			runOnlyForDeploymentPostprocessing = 0;
		};
		07484AAF2CA9AF7D00AAD510 /* Sources */ = {
			isa = PBXSourcesBuildPhase;
			buildActionMask = 2147483647;
			files = (
			);
			runOnlyForDeploymentPostprocessing = 0;
		};
/* End PBXSourcesBuildPhase section */

/* Begin PBXTargetDependency section */
		07484AAB2CA9AF7D00AAD510 /* PBXTargetDependency */ = {
			isa = PBXTargetDependency;
			target = 07484A972CA9AF7C00AAD510 /* RemoteGPIO */;
			targetProxy = 07484AAA2CA9AF7D00AAD510 /* PBXContainerItemProxy */;
		};
		07484AB52CA9AF7D00AAD510 /* PBXTargetDependency */ = {
			isa = PBXTargetDependency;
			target = 07484A972CA9AF7C00AAD510 /* RemoteGPIO */;
			targetProxy = 07484AB42CA9AF7D00AAD510 /* PBXContainerItemProxy */;
		};
/* End PBXTargetDependency section */

/* Begin XCBuildConfiguration section */
		07484ABB2CA9AF7D00AAD510 /* Debug */ = {
			isa = XCBuildConfiguration;
			buildSettings = {
				ALWAYS_SEARCH_USER_PATHS = NO;
				ASSETCATALOG_COMPILER_GENERATE_SWIFT_ASSET_SYMBOL_EXTENSIONS = YES;
				CLANG_ANALYZER_NONNULL = YES;
				CLANG_ANALYZER_NUMBER_OBJECT_CONVERSION = YES_AGGRESSIVE;
				CLANG_CXX_LANGUAGE_STANDARD = "gnu++20";
				CLANG_ENABLE_MODULES = YES;
				CLANG_ENABLE_OBJC_ARC = YES;
				CLANG_ENABLE_OBJC_WEAK = YES;
				CLANG_WARN_BLOCK_CAPTURE_AUTORELEASING = YES;
				CLANG_WARN_BOOL_CONVERSION = YES;
				CLANG_WARN_COMMA = YES;
				CLANG_WARN_CONSTANT_CONVERSION = YES;
				CLANG_WARN_DEPRECATED_OBJC_IMPLEMENTATIONS = YES;
				CLANG_WARN_DIRECT_OBJC_ISA_USAGE = YES_ERROR;
				CLANG_WARN_DOCUMENTATION_COMMENTS = YES;
				CLANG_WARN_EMPTY_BODY = YES;
				CLANG_WARN_ENUM_CONVERSION = YES;
				CLANG_WARN_INFINITE_RECURSION = YES;
				CLANG_WARN_INT_CONVERSION = YES;
				CLANG_WARN_NON_LITERAL_NULL_CONVERSION = YES;
				CLANG_WARN_OBJC_IMPLICIT_RETAIN_SELF = YES;
				CLANG_WARN_OBJC_LITERAL_CONVERSION = YES;
				CLANG_WARN_OBJC_ROOT_CLASS = YES_ERROR;
				CLANG_WARN_QUOTED_INCLUDE_IN_FRAMEWORK_HEADER = YES;
				CLANG_WARN_RANGE_LOOP_ANALYSIS = YES;
				CLANG_WARN_STRICT_PROTOTYPES = YES;
				CLANG_WARN_SUSPICIOUS_MOVE = YES;
				CLANG_WARN_UNGUARDED_AVAILABILITY = YES_AGGRESSIVE;
				CLANG_WARN_UNREACHABLE_CODE = YES;
				CLANG_WARN__DUPLICATE_METHOD_MATCH = YES;
				COPY_PHASE_STRIP = NO;
				DEAD_CODE_STRIPPING = YES;
				DEBUG_INFORMATION_FORMAT = dwarf;
				DEVELOPMENT_TEAM = XA6Y47HQ68;
				ENABLE_STRICT_OBJC_MSGSEND = YES;
				ENABLE_TESTABILITY = YES;
				ENABLE_USER_SCRIPT_SANDBOXING = YES;
				GCC_C_LANGUAGE_STANDARD = gnu17;
				GCC_DYNAMIC_NO_PIC = NO;
				GCC_NO_COMMON_BLOCKS = YES;
				GCC_OPTIMIZATION_LEVEL = 0;
				GCC_PREPROCESSOR_DEFINITIONS = (
					"DEBUG=1",
					"$(inherited)",
				);
				GCC_WARN_64_TO_32_BIT_CONVERSION = YES;
				GCC_WARN_ABOUT_RETURN_TYPE = YES_ERROR;
				GCC_WARN_UNDECLARED_SELECTOR = YES;
				GCC_WARN_UNINITIALIZED_AUTOS = YES_AGGRESSIVE;
				GCC_WARN_UNUSED_FUNCTION = YES;
				GCC_WARN_UNUSED_VARIABLE = YES;
				LOCALIZATION_PREFERS_STRING_CATALOGS = YES;
				MTL_ENABLE_DEBUG_INFO = INCLUDE_SOURCE;
				MTL_FAST_MATH = YES;
				ONLY_ACTIVE_ARCH = YES;
				SWIFT_ACTIVE_COMPILATION_CONDITIONS = "DEBUG $(inherited)";
				SWIFT_OPTIMIZATION_LEVEL = "-Onone";
			};
			name = Debug;
		};
		07484ABC2CA9AF7D00AAD510 /* Release */ = {
			isa = XCBuildConfiguration;
			buildSettings = {
				ALWAYS_SEARCH_USER_PATHS = NO;
				ASSETCATALOG_COMPILER_GENERATE_SWIFT_ASSET_SYMBOL_EXTENSIONS = YES;
				CLANG_ANALYZER_NONNULL = YES;
				CLANG_ANALYZER_NUMBER_OBJECT_CONVERSION = YES_AGGRESSIVE;
				CLANG_CXX_LANGUAGE_STANDARD = "gnu++20";
				CLANG_ENABLE_MODULES = YES;
				CLANG_ENABLE_OBJC_ARC = YES;
				CLANG_ENABLE_OBJC_WEAK = YES;
				CLANG_WARN_BLOCK_CAPTURE_AUTORELEASING = YES;
				CLANG_WARN_BOOL_CONVERSION = YES;
				CLANG_WARN_COMMA = YES;
				CLANG_WARN_CONSTANT_CONVERSION = YES;
				CLANG_WARN_DEPRECATED_OBJC_IMPLEMENTATIONS = YES;
				CLANG_WARN_DIRECT_OBJC_ISA_USAGE = YES_ERROR;
				CLANG_WARN_DOCUMENTATION_COMMENTS = YES;
				CLANG_WARN_EMPTY_BODY = YES;
				CLANG_WARN_ENUM_CONVERSION = YES;
				CLANG_WARN_INFINITE_RECURSION = YES;
				CLANG_WARN_INT_CONVERSION = YES;
				CLANG_WARN_NON_LITERAL_NULL_CONVERSION = YES;
				CLANG_WARN_OBJC_IMPLICIT_RETAIN_SELF = YES;
				CLANG_WARN_OBJC_LITERAL_CONVERSION = YES;
				CLANG_WARN_OBJC_ROOT_CLASS = YES_ERROR;
				CLANG_WARN_QUOTED_INCLUDE_IN_FRAMEWORK_HEADER = YES;
				CLANG_WARN_RANGE_LOOP_ANALYSIS = YES;
				CLANG_WARN_STRICT_PROTOTYPES = YES;
				CLANG_WARN_SUSPICIOUS_MOVE = YES;
				CLANG_WARN_UNGUARDED_AVAILABILITY = YES_AGGRESSIVE;
				CLANG_WARN_UNREACHABLE_CODE = YES;
				CLANG_WARN__DUPLICATE_METHOD_MATCH = YES;
				COPY_PHASE_STRIP = NO;
				DEAD_CODE_STRIPPING = YES;
				DEBUG_INFORMATION_FORMAT = "dwarf-with-dsym";
				DEVELOPMENT_TEAM = XA6Y47HQ68;
				ENABLE_NS_ASSERTIONS = NO;
				ENABLE_STRICT_OBJC_MSGSEND = YES;
				ENABLE_USER_SCRIPT_SANDBOXING = YES;
				GCC_C_LANGUAGE_STANDARD = gnu17;
				GCC_NO_COMMON_BLOCKS = YES;
				GCC_WARN_64_TO_32_BIT_CONVERSION = YES;
				GCC_WARN_ABOUT_RETURN_TYPE = YES_ERROR;
				GCC_WARN_UNDECLARED_SELECTOR = YES;
				GCC_WARN_UNINITIALIZED_AUTOS = YES_AGGRESSIVE;
				GCC_WARN_UNUSED_FUNCTION = YES;
				GCC_WARN_UNUSED_VARIABLE = YES;
				LOCALIZATION_PREFERS_STRING_CATALOGS = YES;
				MTL_ENABLE_DEBUG_INFO = NO;
				MTL_FAST_MATH = YES;
				SWIFT_COMPILATION_MODE = wholemodule;
			};
			name = Release;
		};
		07484ABE2CA9AF7D00AAD510 /* Debug */ = {
			isa = XCBuildConfiguration;
			baseConfigurationReferenceAnchor = 07484A9A2CA9AF7C00AAD510 /* RemoteGPIO */;
			baseConfigurationReferenceRelativePath = Config.xcconfig;
			buildSettings = {
				ASSETCATALOG_COMPILER_APPICON_NAME = AppIcon;
				ASSETCATALOG_COMPILER_GLOBAL_ACCENT_COLOR_NAME = AccentColor;
				CODE_SIGN_ENTITLEMENTS = RemoteGPIO/RemoteGPIO.entitlements;
				CODE_SIGN_STYLE = Automatic;
				CURRENT_PROJECT_VERSION = 1;
				DEAD_CODE_STRIPPING = YES;
				DEVELOPMENT_ASSET_PATHS = "\"RemoteGPIO/Preview Content\"";
				ENABLE_HARDENED_RUNTIME = YES;
				ENABLE_PREVIEWS = YES;
				GENERATE_INFOPLIST_FILE = YES;
				INFOPLIST_FILE = RemoteGPIO/Info.plist;
				INFOPLIST_KEY_LSApplicationCategoryType = "public.app-category.utilities";
				"INFOPLIST_KEY_UIApplicationSceneManifest_Generation[sdk=iphoneos*]" = YES;
				"INFOPLIST_KEY_UIApplicationSceneManifest_Generation[sdk=iphonesimulator*]" = YES;
				"INFOPLIST_KEY_UIApplicationSupportsIndirectInputEvents[sdk=iphoneos*]" = YES;
				"INFOPLIST_KEY_UIApplicationSupportsIndirectInputEvents[sdk=iphonesimulator*]" = YES;
				"INFOPLIST_KEY_UILaunchScreen_Generation[sdk=iphoneos*]" = YES;
				"INFOPLIST_KEY_UILaunchScreen_Generation[sdk=iphonesimulator*]" = YES;
				"INFOPLIST_KEY_UIStatusBarStyle[sdk=iphoneos*]" = UIStatusBarStyleDefault;
				"INFOPLIST_KEY_UIStatusBarStyle[sdk=iphonesimulator*]" = UIStatusBarStyleDefault;
				INFOPLIST_KEY_UISupportedInterfaceOrientations = UIInterfaceOrientationPortrait;
				INFOPLIST_KEY_UISupportedInterfaceOrientations_iPad = "UIInterfaceOrientationLandscapeLeft UIInterfaceOrientationLandscapeRight UIInterfaceOrientationPortrait UIInterfaceOrientationPortraitUpsideDown";
				IPHONEOS_DEPLOYMENT_TARGET = 18.0;
				LD_RUNPATH_SEARCH_PATHS = "@executable_path/Frameworks";
				"LD_RUNPATH_SEARCH_PATHS[sdk=macosx*]" = "@executable_path/../Frameworks";
				MACOSX_DEPLOYMENT_TARGET = 15.0;
				MARKETING_VERSION = 1.0;
				PRODUCT_BUNDLE_IDENTIFIER = melkir.RemoteGPIO;
				PRODUCT_NAME = "$(TARGET_NAME)";
				SDKROOT = auto;
				SUPPORTED_PLATFORMS = "iphoneos iphonesimulator";
				SUPPORTS_MACCATALYST = NO;
				SWIFT_EMIT_LOC_STRINGS = YES;
				SWIFT_VERSION = 5.0;
				TARGETED_DEVICE_FAMILY = "1,7";
				XROS_DEPLOYMENT_TARGET = 2.0;
			};
			name = Debug;
		};
		07484ABF2CA9AF7D00AAD510 /* Release */ = {
			isa = XCBuildConfiguration;
			baseConfigurationReferenceAnchor = 07484A9A2CA9AF7C00AAD510 /* RemoteGPIO */;
			baseConfigurationReferenceRelativePath = Config.xcconfig;
			buildSettings = {
				ASSETCATALOG_COMPILER_APPICON_NAME = AppIcon;
				ASSETCATALOG_COMPILER_GLOBAL_ACCENT_COLOR_NAME = AccentColor;
				CODE_SIGN_ENTITLEMENTS = RemoteGPIO/RemoteGPIO.entitlements;
				CODE_SIGN_STYLE = Automatic;
				CURRENT_PROJECT_VERSION = 1;
				DEAD_CODE_STRIPPING = YES;
				DEVELOPMENT_ASSET_PATHS = "\"RemoteGPIO/Preview Content\"";
				ENABLE_HARDENED_RUNTIME = YES;
				ENABLE_PREVIEWS = YES;
				GENERATE_INFOPLIST_FILE = YES;
				INFOPLIST_FILE = RemoteGPIO/Info.plist;
				INFOPLIST_KEY_LSApplicationCategoryType = "public.app-category.utilities";
				"INFOPLIST_KEY_UIApplicationSceneManifest_Generation[sdk=iphoneos*]" = YES;
				"INFOPLIST_KEY_UIApplicationSceneManifest_Generation[sdk=iphonesimulator*]" = YES;
				"INFOPLIST_KEY_UIApplicationSupportsIndirectInputEvents[sdk=iphoneos*]" = YES;
				"INFOPLIST_KEY_UIApplicationSupportsIndirectInputEvents[sdk=iphonesimulator*]" = YES;
				"INFOPLIST_KEY_UILaunchScreen_Generation[sdk=iphoneos*]" = YES;
				"INFOPLIST_KEY_UILaunchScreen_Generation[sdk=iphonesimulator*]" = YES;
				"INFOPLIST_KEY_UIStatusBarStyle[sdk=iphoneos*]" = UIStatusBarStyleDefault;
				"INFOPLIST_KEY_UIStatusBarStyle[sdk=iphonesimulator*]" = UIStatusBarStyleDefault;
				INFOPLIST_KEY_UISupportedInterfaceOrientations = UIInterfaceOrientationPortrait;
				INFOPLIST_KEY_UISupportedInterfaceOrientations_iPad = "UIInterfaceOrientationLandscapeLeft UIInterfaceOrientationLandscapeRight UIInterfaceOrientationPortrait UIInterfaceOrientationPortraitUpsideDown";
				IPHONEOS_DEPLOYMENT_TARGET = 18.0;
				LD_RUNPATH_SEARCH_PATHS = "@executable_path/Frameworks";
				"LD_RUNPATH_SEARCH_PATHS[sdk=macosx*]" = "@executable_path/../Frameworks";
				MACOSX_DEPLOYMENT_TARGET = 15.0;
				MARKETING_VERSION = 1.0;
				PRODUCT_BUNDLE_IDENTIFIER = melkir.RemoteGPIO;
				PRODUCT_NAME = "$(TARGET_NAME)";
				SDKROOT = auto;
				SUPPORTED_PLATFORMS = "iphoneos iphonesimulator";
				SUPPORTS_MACCATALYST = NO;
				SWIFT_EMIT_LOC_STRINGS = YES;
				SWIFT_VERSION = 5.0;
				TARGETED_DEVICE_FAMILY = "1,7";
				XROS_DEPLOYMENT_TARGET = 2.0;
			};
			name = Release;
		};
		07484AC12CA9AF7D00AAD510 /* Debug */ = {
			isa = XCBuildConfiguration;
			buildSettings = {
				BUNDLE_LOADER = "$(TEST_HOST)";
				CODE_SIGN_STYLE = Automatic;
				CURRENT_PROJECT_VERSION = 1;
				DEAD_CODE_STRIPPING = YES;
				GENERATE_INFOPLIST_FILE = YES;
				IPHONEOS_DEPLOYMENT_TARGET = 18.0;
				MACOSX_DEPLOYMENT_TARGET = 15.0;
				MARKETING_VERSION = 1.0;
				PRODUCT_BUNDLE_IDENTIFIER = melkir.RemoteGPIOTests;
				PRODUCT_NAME = "$(TARGET_NAME)";
				SDKROOT = auto;
				SUPPORTED_PLATFORMS = "iphoneos iphonesimulator macosx xros xrsimulator";
				SWIFT_EMIT_LOC_STRINGS = NO;
				SWIFT_VERSION = 5.0;
				TARGETED_DEVICE_FAMILY = "1,2,7";
				TEST_HOST = "$(BUILT_PRODUCTS_DIR)/RemoteGPIO.app/$(BUNDLE_EXECUTABLE_FOLDER_PATH)/RemoteGPIO";
				XROS_DEPLOYMENT_TARGET = 2.0;
			};
			name = Debug;
		};
		07484AC22CA9AF7D00AAD510 /* Release */ = {
			isa = XCBuildConfiguration;
			buildSettings = {
				BUNDLE_LOADER = "$(TEST_HOST)";
				CODE_SIGN_STYLE = Automatic;
				CURRENT_PROJECT_VERSION = 1;
				DEAD_CODE_STRIPPING = YES;
				GENERATE_INFOPLIST_FILE = YES;
				IPHONEOS_DEPLOYMENT_TARGET = 18.0;
				MACOSX_DEPLOYMENT_TARGET = 15.0;
				MARKETING_VERSION = 1.0;
				PRODUCT_BUNDLE_IDENTIFIER = melkir.RemoteGPIOTests;
				PRODUCT_NAME = "$(TARGET_NAME)";
				SDKROOT = auto;
				SUPPORTED_PLATFORMS = "iphoneos iphonesimulator macosx xros xrsimulator";
				SWIFT_EMIT_LOC_STRINGS = NO;
				SWIFT_VERSION = 5.0;
				TARGETED_DEVICE_FAMILY = "1,2,7";
				TEST_HOST = "$(BUILT_PRODUCTS_DIR)/RemoteGPIO.app/$(BUNDLE_EXECUTABLE_FOLDER_PATH)/RemoteGPIO";
				XROS_DEPLOYMENT_TARGET = 2.0;
			};
			name = Release;
		};
		07484AC42CA9AF7D00AAD510 /* Debug */ = {
			isa = XCBuildConfiguration;
			buildSettings = {
				CODE_SIGN_STYLE = Automatic;
				CURRENT_PROJECT_VERSION = 1;
				DEAD_CODE_STRIPPING = YES;
				GENERATE_INFOPLIST_FILE = YES;
				IPHONEOS_DEPLOYMENT_TARGET = 18.0;
				MACOSX_DEPLOYMENT_TARGET = 15.0;
				MARKETING_VERSION = 1.0;
				PRODUCT_BUNDLE_IDENTIFIER = melkir.RemoteGPIOUITests;
				PRODUCT_NAME = "$(TARGET_NAME)";
				SDKROOT = auto;
				SUPPORTED_PLATFORMS = "iphoneos iphonesimulator macosx xros xrsimulator";
				SWIFT_EMIT_LOC_STRINGS = NO;
				SWIFT_VERSION = 5.0;
				TARGETED_DEVICE_FAMILY = "1,2,7";
				TEST_TARGET_NAME = RemoteGPIO;
				XROS_DEPLOYMENT_TARGET = 2.0;
			};
			name = Debug;
		};
		07484AC52CA9AF7D00AAD510 /* Release */ = {
			isa = XCBuildConfiguration;
			buildSettings = {
				CODE_SIGN_STYLE = Automatic;
				CURRENT_PROJECT_VERSION = 1;
				DEAD_CODE_STRIPPING = YES;
				GENERATE_INFOPLIST_FILE = YES;
				IPHONEOS_DEPLOYMENT_TARGET = 18.0;
				MACOSX_DEPLOYMENT_TARGET = 15.0;
				MARKETING_VERSION = 1.0;
				PRODUCT_BUNDLE_IDENTIFIER = melkir.RemoteGPIOUITests;
				PRODUCT_NAME = "$(TARGET_NAME)";
				SDKROOT = auto;
				SUPPORTED_PLATFORMS = "iphoneos iphonesimulator macosx xros xrsimulator";
				SWIFT_EMIT_LOC_STRINGS = NO;
				SWIFT_VERSION = 5.0;
				TARGETED_DEVICE_FAMILY = "1,2,7";
				TEST_TARGET_NAME = RemoteGPIO;
				XROS_DEPLOYMENT_TARGET = 2.0;
			};
			name = Release;
		};
/* End XCBuildConfiguration section */

/* Begin XCConfigurationList section */
		07484A932CA9AF7C00AAD510 /* Build configuration list for PBXProject "RemoteGPIO" */ = {
			isa = XCConfigurationList;
			buildConfigurations = (
				07484ABB2CA9AF7D00AAD510 /* Debug */,
				07484ABC2CA9AF7D00AAD510 /* Release */,
			);
			defaultConfigurationIsVisible = 0;
			defaultConfigurationName = Release;
		};
		07484ABD2CA9AF7D00AAD510 /* Build configuration list for PBXNativeTarget "RemoteGPIO" */ = {
			isa = XCConfigurationList;
			buildConfigurations = (
				07484ABE2CA9AF7D00AAD510 /* Debug */,
				07484ABF2CA9AF7D00AAD510 /* Release */,
			);
			defaultConfigurationIsVisible = 0;
			defaultConfigurationName = Release;
		};
		07484AC02CA9AF7D00AAD510 /* Build configuration list for PBXNativeTarget "RemoteGPIOTests" */ = {
			isa = XCConfigurationList;
			buildConfigurations = (
				07484AC12CA9AF7D00AAD510 /* Debug */,
				07484AC22CA9AF7D00AAD510 /* Release */,
			);
			defaultConfigurationIsVisible = 0;
			defaultConfigurationName = Release;
		};
		07484AC32CA9AF7D00AAD510 /* Build configuration list for PBXNativeTarget "RemoteGPIOUITests" */ = {
			isa = XCConfigurationList;
			buildConfigurations = (
				07484AC42CA9AF7D00AAD510 /* Debug */,
				07484AC52CA9AF7D00AAD510 /* Release */,
			);
			defaultConfigurationIsVisible = 0;
			defaultConfigurationName = Release;
		};
/* End XCConfigurationList section */
	};
	rootObject = 07484A902CA9AF7C00AAD510 /* Project object */;
}
